
Microsoft Visual Studio Solution File, Format Version 12.00
# Visual Studio Version 17
VisualStudioVersion = 17.11.35327.3
MinimumVisualStudioVersion = 10.0.40219.1
Project("{FAE04EC0-301F-11D3-BF4B-00C04F79EFBC}") = "TaxiFleetApi", "TaxiFleetManagement\TaxiFleetApi.csproj", "{D5AC44F0-2495-4D0A-A3B3-3F6033836965}"
EndProject
Project("{FAE04EC0-301F-11D3-BF4B-00C04F79EFBC}") = "TaxiFleetBusiness", "TaxiFleetBusiness\TaxiFleetBusiness.csproj", "{634196B1-357F-4F47-BFD9-C5F82BB632F0}"
EndProject
Project("{FAE04EC0-301F-11D3-BF4B-00C04F79EFBC}") = "TaxiFleetData", "TaxiFleetData\TaxiFleetData.csproj", "{FD12AF91-B124-4FE2-BA9D-682856DAB992}"
EndProject
Global
	GlobalSection(SolutionConfigurationPlatforms) = preSolution
		Debug|Any CPU = Debug|Any CPU
		Release|Any CPU = Release|Any CPU
	EndGlobalSection
	GlobalSection(ProjectConfigurationPlatforms) = postSolution
		{D5AC44F0-2495-4D0A-A3B3-3F6033836965}.Debug|Any CPU.ActiveCfg = Debug|Any CPU
		{D5AC44F0-2495-4D0A-A3B3-3F6033836965}.Debug|Any CPU.Build.0 = Debug|Any CPU
		{D5AC44F0-2495-4D0A-A3B3-3F6033836965}.Release|Any CPU.ActiveCfg = Release|Any CPU
		{D5AC44F0-2495-4D0A-A3B3-3F6033836965}.Release|Any CPU.Build.0 = Release|Any CPU
		{634196B1-357F-4F47-BFD9-C5F82BB632F0}.Debug|Any CPU.ActiveCfg = Debug|Any CPU
		{634196B1-357F-4F47-BFD9-C5F82BB632F0}.Debug|Any CPU.Build.0 = Debug|Any CPU
		{634196B1-357F-4F47-BFD9-C5F82BB632F0}.Release|Any CPU.ActiveCfg = Release|Any CPU
		{634196B1-357F-4F47-BFD9-C5F82BB632F0}.Release|Any CPU.Build.0 = Release|Any CPU
		{FD12AF91-B124-4FE2-BA9D-682856DAB992}.Debug|Any CPU.ActiveCfg = Debug|Any CPU
		{FD12AF91-B124-4FE2-BA9D-682856DAB992}.Debug|Any CPU.Build.0 = Debug|Any CPU
		{FD12AF91-B124-4FE2-BA9D-682856DAB992}.Release|Any CPU.ActiveCfg = Release|Any CPU
		{FD12AF91-B124-4FE2-BA9D-682856DAB992}.Release|Any CPU.Build.0 = Release|Any CPU
	EndGlobalSection
	GlobalSection(SolutionProperties) = preSolution
		HideSolutionNode = FALSE
	EndGlobalSection
	GlobalSection(ExtensibilityGlobals) = postSolution
		SolutionGuid = {36CEE6EC-278B-43B9-B0B9-D4988F9E489D}
	EndGlobalSection
EndGlobal
